// !$*UTF8*$!
{
	archiveVersion = 1;
	classes = {
	};
	objectVersion = 46;
	objects = {

/* Begin PBXBuildFile section */
		F952E629193DC4ED008781F4 /* AppDelegate.swift in Sources */ = {isa = PBXBuildFile; fileRef = F952E628193DC4ED008781F4 /* AppDelegate.swift */; };
		F952E62B193DC4ED008781F4 /* BalanceViewController.swift in Sources */ = {isa = PBXBuildFile; fileRef = F952E62A193DC4ED008781F4 /* BalanceViewController.swift */; };
		F952E630193DC4ED008781F4 /* Main.storyboard in Resources */ = {isa = PBXBuildFile; fileRef = F952E62E193DC4ED008781F4 /* Main.storyboard */; };
		F952E632193DC4ED008781F4 /* Images.xcassets in Resources */ = {isa = PBXBuildFile; fileRef = F952E631193DC4ED008781F4 /* Images.xcassets */; };
		F952E63E193DC4ED008781F4 /* SuchAppTests.swift in Sources */ = {isa = PBXBuildFile; fileRef = F952E63D193DC4ED008781F4 /* SuchAppTests.swift */; };
		F952E648193DC74B008781F4 /* APIWrapper.swift in Sources */ = {isa = PBXBuildFile; fileRef = F952E647193DC74B008781F4 /* APIWrapper.swift */; };
		F9E94449193E1695008781F4 /* NotificationCenter.framework in Frameworks */ = {isa = PBXBuildFile; fileRef = F9E94448193E1695008781F4 /* NotificationCenter.framework */; };
		F9E9444E193E1695008781F4 /* TodayViewController.swift in Sources */ = {isa = PBXBuildFile; fileRef = F9E9444D193E1695008781F4 /* TodayViewController.swift */; };
		F9E94450193E1695008781F4 /* MainInterface.storyboard in Resources */ = {isa = PBXBuildFile; fileRef = F9E9444F193E1695008781F4 /* MainInterface.storyboard */; };
		F9E94453193E1695008781F4 /* de.matthischke.SuchApp.SuchWidget.appex in Embed App Extensions */ = {isa = PBXBuildFile; fileRef = F9E94446193E1695008781F4 /* de.matthischke.SuchApp.SuchWidget.appex */; };
/* End PBXBuildFile section */

/* Begin PBXContainerItemProxy section */
		F952E638193DC4ED008781F4 /* PBXContainerItemProxy */ = {
			isa = PBXContainerItemProxy;
			containerPortal = F952E61B193DC4ED008781F4 /* Project object */;
			proxyType = 1;
			remoteGlobalIDString = F952E622193DC4ED008781F4;
			remoteInfo = SuchApp;
		};
		F9E9443A193DF825008781F4 /* PBXContainerItemProxy */ = {
			isa = PBXContainerItemProxy;
			containerPortal = F952E61B193DC4ED008781F4 /* Project object */;
			proxyType = 1;
			remoteGlobalIDString = F952E622193DC4ED008781F4;
			remoteInfo = SuchApp;
		};
		F9E9443C193DF825008781F4 /* PBXContainerItemProxy */ = {
			isa = PBXContainerItemProxy;
			containerPortal = F952E61B193DC4ED008781F4 /* Project object */;
			proxyType = 1;
			remoteGlobalIDString = F952E622193DC4ED008781F4;
			remoteInfo = SuchApp;
		};
		F9E94451193E1695008781F4 /* PBXContainerItemProxy */ = {
			isa = PBXContainerItemProxy;
			containerPortal = F952E61B193DC4ED008781F4 /* Project object */;
			proxyType = 1;
			remoteGlobalIDString = F9E94445193E1695008781F4;
			remoteInfo = SuchWidget;
		};
		F9E94454193E1695008781F4 /* PBXContainerItemProxy */ = {
			isa = PBXContainerItemProxy;
			containerPortal = F952E61B193DC4ED008781F4 /* Project object */;
			proxyType = 1;
			remoteGlobalIDString = F9E94445193E1695008781F4;
			remoteInfo = SuchWidget;
		};
/* End PBXContainerItemProxy section */

/* Begin PBXCopyFilesBuildPhase section */
		F9E94459193E1695008781F4 /* Embed App Extensions */ = {
			isa = PBXCopyFilesBuildPhase;
			buildActionMask = 2147483647;
			dstPath = "";
			dstSubfolderSpec = 13;
			files = (
				F9E94453193E1695008781F4 /* de.matthischke.SuchApp.SuchWidget.appex in Embed App Extensions */,
			);
			name = "Embed App Extensions";
			runOnlyForDeploymentPostprocessing = 0;
		};
/* End PBXCopyFilesBuildPhase section */

/* Begin PBXFileReference section */
		F952E623193DC4ED008781F4 /* SuchApp.app */ = {isa = PBXFileReference; explicitFileType = wrapper.application; includeInIndex = 0; path = SuchApp.app; sourceTree = BUILT_PRODUCTS_DIR; };
		F952E627193DC4ED008781F4 /* Info.plist */ = {isa = PBXFileReference; lastKnownFileType = text.plist.xml; path = Info.plist; sourceTree = "<group>"; };
		F952E628193DC4ED008781F4 /* AppDelegate.swift */ = {isa = PBXFileReference; lastKnownFileType = sourcecode.swift; path = AppDelegate.swift; sourceTree = "<group>"; };
		F952E62A193DC4ED008781F4 /* BalanceViewController.swift */ = {isa = PBXFileReference; lastKnownFileType = sourcecode.swift; path = BalanceViewController.swift; sourceTree = "<group>"; };
		F952E62F193DC4ED008781F4 /* Base */ = {isa = PBXFileReference; lastKnownFileType = file.storyboard; name = Base; path = Base.lproj/Main.storyboard; sourceTree = "<group>"; };
		F952E631193DC4ED008781F4 /* Images.xcassets */ = {isa = PBXFileReference; lastKnownFileType = folder.assetcatalog; path = Images.xcassets; sourceTree = "<group>"; };
		F952E637193DC4ED008781F4 /* SuchAppTests.xctest */ = {isa = PBXFileReference; explicitFileType = wrapper.cfbundle; includeInIndex = 0; path = SuchAppTests.xctest; sourceTree = BUILT_PRODUCTS_DIR; };
		F952E63C193DC4ED008781F4 /* Info.plist */ = {isa = PBXFileReference; lastKnownFileType = text.plist.xml; path = Info.plist; sourceTree = "<group>"; };
		F952E63D193DC4ED008781F4 /* SuchAppTests.swift */ = {isa = PBXFileReference; lastKnownFileType = sourcecode.swift; path = SuchAppTests.swift; sourceTree = "<group>"; };
		F952E647193DC74B008781F4 /* APIWrapper.swift */ = {isa = PBXFileReference; fileEncoding = 4; lastKnownFileType = sourcecode.swift; path = APIWrapper.swift; sourceTree = "<group>"; };
		F9E94446193E1695008781F4 /* de.matthischke.SuchApp.SuchWidget.appex */ = {isa = PBXFileReference; explicitFileType = "wrapper.app-extension"; includeInIndex = 0; path = de.matthischke.SuchApp.SuchWidget.appex; sourceTree = BUILT_PRODUCTS_DIR; };
		F9E94448193E1695008781F4 /* NotificationCenter.framework */ = {isa = PBXFileReference; lastKnownFileType = wrapper.framework; name = NotificationCenter.framework; path = System/Library/Frameworks/NotificationCenter.framework; sourceTree = SDKROOT; };
		F9E9444C193E1695008781F4 /* Info.plist */ = {isa = PBXFileReference; lastKnownFileType = text.plist.xml; path = Info.plist; sourceTree = "<group>"; };
		F9E9444D193E1695008781F4 /* TodayViewController.swift */ = {isa = PBXFileReference; lastKnownFileType = sourcecode.swift; path = TodayViewController.swift; sourceTree = "<group>"; };
		F9E9444F193E1695008781F4 /* MainInterface.storyboard */ = {isa = PBXFileReference; lastKnownFileType = file.storyboard; path = MainInterface.storyboard; sourceTree = "<group>"; };
/* End PBXFileReference section */

/* Begin PBXFrameworksBuildPhase section */
		F952E620193DC4ED008781F4 /* Frameworks */ = {
			isa = PBXFrameworksBuildPhase;
			buildActionMask = 2147483647;
			files = (
			);
			runOnlyForDeploymentPostprocessing = 0;
		};
		F952E634193DC4ED008781F4 /* Frameworks */ = {
			isa = PBXFrameworksBuildPhase;
			buildActionMask = 2147483647;
			files = (
			);
			runOnlyForDeploymentPostprocessing = 0;
		};
		F9E94443193E1695008781F4 /* Frameworks */ = {
			isa = PBXFrameworksBuildPhase;
			buildActionMask = 2147483647;
			files = (
				F9E94449193E1695008781F4 /* NotificationCenter.framework in Frameworks */,
			);
			runOnlyForDeploymentPostprocessing = 0;
		};
/* End PBXFrameworksBuildPhase section */

/* Begin PBXGroup section */
		F952E61A193DC4ED008781F4 = {
			isa = PBXGroup;
			children = (
				F952E625193DC4ED008781F4 /* SuchApp */,
				F952E63A193DC4ED008781F4 /* SuchAppTests */,
				F9E9444A193E1695008781F4 /* SuchWidget */,
				F9E94447193E1695008781F4 /* Frameworks */,
				F952E624193DC4ED008781F4 /* Products */,
			);
			sourceTree = "<group>";
		};
		F952E624193DC4ED008781F4 /* Products */ = {
			isa = PBXGroup;
			children = (
				F952E623193DC4ED008781F4 /* SuchApp.app */,
				F952E637193DC4ED008781F4 /* SuchAppTests.xctest */,
				F9E94446193E1695008781F4 /* de.matthischke.SuchApp.SuchWidget.appex */,
			);
			name = Products;
			sourceTree = "<group>";
		};
		F952E625193DC4ED008781F4 /* SuchApp */ = {
			isa = PBXGroup;
			children = (
				F952E628193DC4ED008781F4 /* AppDelegate.swift */,
				F952E62A193DC4ED008781F4 /* BalanceViewController.swift */,
				F952E647193DC74B008781F4 /* APIWrapper.swift */,
				F952E62E193DC4ED008781F4 /* Main.storyboard */,
				F952E631193DC4ED008781F4 /* Images.xcassets */,
				F952E626193DC4ED008781F4 /* Supporting Files */,
			);
			path = SuchApp;
			sourceTree = "<group>";
		};
		F952E626193DC4ED008781F4 /* Supporting Files */ = {
			isa = PBXGroup;
			children = (
				F952E627193DC4ED008781F4 /* Info.plist */,
			);
			name = "Supporting Files";
			sourceTree = "<group>";
		};
		F952E63A193DC4ED008781F4 /* SuchAppTests */ = {
			isa = PBXGroup;
			children = (
				F952E63D193DC4ED008781F4 /* SuchAppTests.swift */,
				F952E63B193DC4ED008781F4 /* Supporting Files */,
			);
			path = SuchAppTests;
			sourceTree = "<group>";
		};
		F952E63B193DC4ED008781F4 /* Supporting Files */ = {
			isa = PBXGroup;
			children = (
				F952E63C193DC4ED008781F4 /* Info.plist */,
			);
			name = "Supporting Files";
			sourceTree = "<group>";
		};
		F9E94447193E1695008781F4 /* Frameworks */ = {
			isa = PBXGroup;
			children = (
				F9E94448193E1695008781F4 /* NotificationCenter.framework */,
			);
			name = Frameworks;
			sourceTree = "<group>";
		};
		F9E9444A193E1695008781F4 /* SuchWidget */ = {
			isa = PBXGroup;
			children = (
				F9E9444D193E1695008781F4 /* TodayViewController.swift */,
				F9E9444F193E1695008781F4 /* MainInterface.storyboard */,
				F9E9444B193E1695008781F4 /* Supporting Files */,
			);
			path = SuchWidget;
			sourceTree = "<group>";
		};
		F9E9444B193E1695008781F4 /* Supporting Files */ = {
			isa = PBXGroup;
			children = (
				F9E9444C193E1695008781F4 /* Info.plist */,
			);
			name = "Supporting Files";
			sourceTree = "<group>";
		};
/* End PBXGroup section */

/* Begin PBXNativeTarget section */
		F952E622193DC4ED008781F4 /* SuchApp */ = {
			isa = PBXNativeTarget;
			buildConfigurationList = F952E641193DC4ED008781F4 /* Build configuration list for PBXNativeTarget "SuchApp" */;
			buildPhases = (
				F952E61F193DC4ED008781F4 /* Sources */,
				F952E620193DC4ED008781F4 /* Frameworks */,
				F952E621193DC4ED008781F4 /* Resources */,
				F9E94459193E1695008781F4 /* Embed App Extensions */,
			);
			buildRules = (
			);
			dependencies = (
				F9E94452193E1695008781F4 /* PBXTargetDependency */,
				F9E94455193E1695008781F4 /* PBXTargetDependency */,
			);
			name = SuchApp;
			productName = SuchApp;
			productReference = F952E623193DC4ED008781F4 /* SuchApp.app */;
			productType = "com.apple.product-type.application";
		};
		F952E636193DC4ED008781F4 /* SuchAppTests */ = {
			isa = PBXNativeTarget;
			buildConfigurationList = F952E644193DC4ED008781F4 /* Build configuration list for PBXNativeTarget "SuchAppTests" */;
			buildPhases = (
				F952E633193DC4ED008781F4 /* Sources */,
				F952E634193DC4ED008781F4 /* Frameworks */,
				F952E635193DC4ED008781F4 /* Resources */,
			);
			buildRules = (
			);
			dependencies = (
				F952E639193DC4ED008781F4 /* PBXTargetDependency */,
				F9E9443B193DF825008781F4 /* PBXTargetDependency */,
				F9E9443D193DF825008781F4 /* PBXTargetDependency */,
			);
			name = SuchAppTests;
			productName = SuchAppTests;
			productReference = F952E637193DC4ED008781F4 /* SuchAppTests.xctest */;
			productType = "com.apple.product-type.bundle.unit-test";
		};
		F9E94445193E1695008781F4 /* SuchWidget */ = {
			isa = PBXNativeTarget;
			buildConfigurationList = F9E94456193E1695008781F4 /* Build configuration list for PBXNativeTarget "SuchWidget" */;
			buildPhases = (
				F9E94442193E1695008781F4 /* Sources */,
				F9E94443193E1695008781F4 /* Frameworks */,
				F9E94444193E1695008781F4 /* Resources */,
			);
			buildRules = (
			);
			dependencies = (
			);
			name = SuchWidget;
			productName = SuchWidget;
			productReference = F9E94446193E1695008781F4 /* de.matthischke.SuchApp.SuchWidget.appex */;
			productType = "com.apple.product-type.app-extension";
		};
/* End PBXNativeTarget section */

/* Begin PBXProject section */
		F952E61B193DC4ED008781F4 /* Project object */ = {
			isa = PBXProject;
			attributes = {
				LastUpgradeCheck = 0600;
				ORGANIZATIONNAME = Steffen;
				TargetAttributes = {
					F952E622193DC4ED008781F4 = {
						CreatedOnToolsVersion = 6.0;
					};
					F952E636193DC4ED008781F4 = {
						CreatedOnToolsVersion = 6.0;
						TestTargetID = F952E622193DC4ED008781F4;
					};
					F9E94445193E1695008781F4 = {
						CreatedOnToolsVersion = 6.0;
					};
				};
			};
			buildConfigurationList = F952E61E193DC4ED008781F4 /* Build configuration list for PBXProject "SuchApp" */;
			compatibilityVersion = "Xcode 3.2";
			developmentRegion = English;
			hasScannedForEncodings = 0;
			knownRegions = (
				en,
				Base,
			);
			mainGroup = F952E61A193DC4ED008781F4;
			productRefGroup = F952E624193DC4ED008781F4 /* Products */;
			projectDirPath = "";
			projectRoot = "";
			targets = (
				F952E622193DC4ED008781F4 /* SuchApp */,
				F952E636193DC4ED008781F4 /* SuchAppTests */,
				F9E94445193E1695008781F4 /* SuchWidget */,
			);
		};
/* End PBXProject section */

/* Begin PBXResourcesBuildPhase section */
		F952E621193DC4ED008781F4 /* Resources */ = {
			isa = PBXResourcesBuildPhase;
			buildActionMask = 2147483647;
			files = (
				F952E630193DC4ED008781F4 /* Main.storyboard in Resources */,
				F952E632193DC4ED008781F4 /* Images.xcassets in Resources */,
			);
			runOnlyForDeploymentPostprocessing = 0;
		};
		F952E635193DC4ED008781F4 /* Resources */ = {
			isa = PBXResourcesBuildPhase;
			buildActionMask = 2147483647;
			files = (
			);
			runOnlyForDeploymentPostprocessing = 0;
		};
		F9E94444193E1695008781F4 /* Resources */ = {
			isa = PBXResourcesBuildPhase;
			buildActionMask = 2147483647;
			files = (
				F9E94450193E1695008781F4 /* MainInterface.storyboard in Resources */,
			);
			runOnlyForDeploymentPostprocessing = 0;
		};
/* End PBXResourcesBuildPhase section */

/* Begin PBXSourcesBuildPhase section */
		F952E61F193DC4ED008781F4 /* Sources */ = {
			isa = PBXSourcesBuildPhase;
			buildActionMask = 2147483647;
			files = (
				F952E648193DC74B008781F4 /* APIWrapper.swift in Sources */,
				F952E629193DC4ED008781F4 /* AppDelegate.swift in Sources */,
				F952E62B193DC4ED008781F4 /* BalanceViewController.swift in Sources */,
			);
			runOnlyForDeploymentPostprocessing = 0;
		};
		F952E633193DC4ED008781F4 /* Sources */ = {
			isa = PBXSourcesBuildPhase;
			buildActionMask = 2147483647;
			files = (
				F952E63E193DC4ED008781F4 /* SuchAppTests.swift in Sources */,
			);
			runOnlyForDeploymentPostprocessing = 0;
		};
		F9E94442193E1695008781F4 /* Sources */ = {
			isa = PBXSourcesBuildPhase;
			buildActionMask = 2147483647;
			files = (
				F9E9444E193E1695008781F4 /* TodayViewController.swift in Sources */,
			);
			runOnlyForDeploymentPostprocessing = 0;
		};
/* End PBXSourcesBuildPhase section */

/* Begin PBXTargetDependency section */
		F952E639193DC4ED008781F4 /* PBXTargetDependency */ = {
			isa = PBXTargetDependency;
			target = F952E622193DC4ED008781F4 /* SuchApp */;
			targetProxy = F952E638193DC4ED008781F4 /* PBXContainerItemProxy */;
		};
		F9E9443B193DF825008781F4 /* PBXTargetDependency */ = {
			isa = PBXTargetDependency;
			target = F952E622193DC4ED008781F4 /* SuchApp */;
			targetProxy = F9E9443A193DF825008781F4 /* PBXContainerItemProxy */;
		};
		F9E9443D193DF825008781F4 /* PBXTargetDependency */ = {
			isa = PBXTargetDependency;
			target = F952E622193DC4ED008781F4 /* SuchApp */;
			targetProxy = F9E9443C193DF825008781F4 /* PBXContainerItemProxy */;
		};
		F9E94452193E1695008781F4 /* PBXTargetDependency */ = {
			isa = PBXTargetDependency;
			target = F9E94445193E1695008781F4 /* SuchWidget */;
			targetProxy = F9E94451193E1695008781F4 /* PBXContainerItemProxy */;
		};
		F9E94455193E1695008781F4 /* PBXTargetDependency */ = {
			isa = PBXTargetDependency;
			target = F9E94445193E1695008781F4 /* SuchWidget */;
			targetProxy = F9E94454193E1695008781F4 /* PBXContainerItemProxy */;
		};
/* End PBXTargetDependency section */

/* Begin PBXVariantGroup section */
		F952E62E193DC4ED008781F4 /* Main.storyboard */ = {
			isa = PBXVariantGroup;
			children = (
				F952E62F193DC4ED008781F4 /* Base */,
			);
			name = Main.storyboard;
			sourceTree = "<group>";
		};
/* End PBXVariantGroup section */

/* Begin XCBuildConfiguration section */
		F952E63F193DC4ED008781F4 /* Debug */ = {
			isa = XCBuildConfiguration;
			buildSettings = {
				ALWAYS_SEARCH_USER_PATHS = NO;
				CLANG_CXX_LANGUAGE_STANDARD = "gnu++0x";
				CLANG_CXX_LIBRARY = "libc++";
				CLANG_ENABLE_MODULES = YES;
				CLANG_ENABLE_OBJC_ARC = YES;
				CLANG_WARN_BOOL_CONVERSION = YES;
				CLANG_WARN_CONSTANT_CONVERSION = YES;
				CLANG_WARN_DIRECT_OBJC_ISA_USAGE = YES_ERROR;
				CLANG_WARN_EMPTY_BODY = YES;
				CLANG_WARN_ENUM_CONVERSION = YES;
				CLANG_WARN_INT_CONVERSION = YES;
				CLANG_WARN_OBJC_ROOT_CLASS = YES_ERROR;
				CLANG_WARN_UNREACHABLE_CODE = YES;
				CLANG_WARN__DUPLICATE_METHOD_MATCH = YES;
				"CODE_SIGN_IDENTITY[sdk=iphoneos*]" = "iPhone Developer";
				COPY_PHASE_STRIP = NO;
				ENABLE_STRICT_OBJC_MSGSEND = YES;
				GCC_C_LANGUAGE_STANDARD = gnu99;
				GCC_DYNAMIC_NO_PIC = NO;
				GCC_OPTIMIZATION_LEVEL = 0;
				GCC_PREPROCESSOR_DEFINITIONS = (
					"DEBUG=1",
					"$(inherited)",
				);
				GCC_SYMBOLS_PRIVATE_EXTERN = NO;
				GCC_WARN_64_TO_32_BIT_CONVERSION = YES;
				GCC_WARN_ABOUT_RETURN_TYPE = YES_ERROR;
				GCC_WARN_UNDECLARED_SELECTOR = YES;
				GCC_WARN_UNINITIALIZED_AUTOS = YES_AGGRESSIVE;
				GCC_WARN_UNUSED_FUNCTION = YES;
				GCC_WARN_UNUSED_VARIABLE = YES;
				IPHONEOS_DEPLOYMENT_TARGET = 7.1;
				METAL_ENABLE_DEBUG_INFO = YES;
				ONLY_ACTIVE_ARCH = YES;
				SDKROOT = iphoneos;
				SWIFT_OPTIMIZATION_LEVEL = "-Onone";
			};
			name = Debug;
		};
		F952E640193DC4ED008781F4 /* Release */ = {
			isa = XCBuildConfiguration;
			buildSettings = {
				ALWAYS_SEARCH_USER_PATHS = NO;
				CLANG_CXX_LANGUAGE_STANDARD = "gnu++0x";
				CLANG_CXX_LIBRARY = "libc++";
				CLANG_ENABLE_MODULES = YES;
				CLANG_ENABLE_OBJC_ARC = YES;
				CLANG_WARN_BOOL_CONVERSION = YES;
				CLANG_WARN_CONSTANT_CONVERSION = YES;
				CLANG_WARN_DIRECT_OBJC_ISA_USAGE = YES_ERROR;
				CLANG_WARN_EMPTY_BODY = YES;
				CLANG_WARN_ENUM_CONVERSION = YES;
				CLANG_WARN_INT_CONVERSION = YES;
				CLANG_WARN_OBJC_ROOT_CLASS = YES_ERROR;
				CLANG_WARN_UNREACHABLE_CODE = YES;
				CLANG_WARN__DUPLICATE_METHOD_MATCH = YES;
				"CODE_SIGN_IDENTITY[sdk=iphoneos*]" = "iPhone Developer";
				COPY_PHASE_STRIP = YES;
				ENABLE_NS_ASSERTIONS = NO;
				ENABLE_STRICT_OBJC_MSGSEND = YES;
				GCC_C_LANGUAGE_STANDARD = gnu99;
				GCC_WARN_64_TO_32_BIT_CONVERSION = YES;
				GCC_WARN_ABOUT_RETURN_TYPE = YES_ERROR;
				GCC_WARN_UNDECLARED_SELECTOR = YES;
				GCC_WARN_UNINITIALIZED_AUTOS = YES_AGGRESSIVE;
				GCC_WARN_UNUSED_FUNCTION = YES;
				GCC_WARN_UNUSED_VARIABLE = YES;
				IPHONEOS_DEPLOYMENT_TARGET = 7.1;
				METAL_ENABLE_DEBUG_INFO = NO;
				SDKROOT = iphoneos;
				VALIDATE_PRODUCT = YES;
			};
			name = Release;
		};
		F952E642193DC4ED008781F4 /* Debug */ = {
			isa = XCBuildConfiguration;
			buildSettings = {
				ASSETCATALOG_COMPILER_APPICON_NAME = AppIcon;
				ASSETCATALOG_COMPILER_LAUNCHIMAGE_NAME = LaunchImage;
				INFOPLIST_FILE = SuchApp/Info.plist;
				IPHONEOS_DEPLOYMENT_TARGET = 8.0;
				LD_RUNPATH_SEARCH_PATHS = "$(inherited) @executable_path/Frameworks";
				PRODUCT_NAME = "$(TARGET_NAME)";
			};
			name = Debug;
		};
		F952E643193DC4ED008781F4 /* Release */ = {
			isa = XCBuildConfiguration;
			buildSettings = {
				ASSETCATALOG_COMPILER_APPICON_NAME = AppIcon;
				ASSETCATALOG_COMPILER_LAUNCHIMAGE_NAME = LaunchImage;
				INFOPLIST_FILE = SuchApp/Info.plist;
				IPHONEOS_DEPLOYMENT_TARGET = 8.0;
				LD_RUNPATH_SEARCH_PATHS = "$(inherited) @executable_path/Frameworks";
				PRODUCT_NAME = "$(TARGET_NAME)";
			};
			name = Release;
		};
		F952E645193DC4ED008781F4 /* Debug */ = {
			isa = XCBuildConfiguration;
			buildSettings = {
				BUNDLE_LOADER = "$(BUILT_PRODUCTS_DIR)/SuchApp.app/SuchApp";
				FRAMEWORK_SEARCH_PATHS = (
					"$(SDKROOT)/Developer/Library/Frameworks",
					"$(inherited)",
				);
				GCC_PREPROCESSOR_DEFINITIONS = (
					"DEBUG=1",
					"$(inherited)",
				);
				INFOPLIST_FILE = SuchAppTests/Info.plist;
				IPHONEOS_DEPLOYMENT_TARGET = 7.1;
				LD_RUNPATH_SEARCH_PATHS = "$(inherited) @executable_path/Frameworks @loader_path/Frameworks";
				METAL_ENABLE_DEBUG_INFO = YES;
				PRODUCT_NAME = "$(TARGET_NAME)";
				TEST_HOST = "$(BUNDLE_LOADER)";
			};
			name = Debug;
		};
		F952E646193DC4ED008781F4 /* Release */ = {
			isa = XCBuildConfiguration;
			buildSettings = {
				BUNDLE_LOADER = "$(BUILT_PRODUCTS_DIR)/SuchApp.app/SuchApp";
				FRAMEWORK_SEARCH_PATHS = (
					"$(SDKROOT)/Developer/Library/Frameworks",
					"$(inherited)",
				);
				INFOPLIST_FILE = SuchAppTests/Info.plist;
				IPHONEOS_DEPLOYMENT_TARGET = 7.1;
				LD_RUNPATH_SEARCH_PATHS = "$(inherited) @executable_path/Frameworks @loader_path/Frameworks";
				METAL_ENABLE_DEBUG_INFO = NO;
				PRODUCT_NAME = "$(TARGET_NAME)";
				TEST_HOST = "$(BUNDLE_LOADER)";
			};
			name = Release;
		};
		F9E94457193E1695008781F4 /* Debug */ = {
			isa = XCBuildConfiguration;
			buildSettings = {
				GCC_PREPROCESSOR_DEFINITIONS = (
					"DEBUG=1",
					"$(inherited)",
				);
				INFOPLIST_FILE = SuchWidget/Info.plist;
				IPHONEOS_DEPLOYMENT_TARGET = 8.0;
				LD_RUNPATH_SEARCH_PATHS = "$(inherited) @executable_path/Frameworks @executable_path/../../Frameworks";
				METAL_ENABLE_DEBUG_INFO = YES;
				PRODUCT_NAME = "de.matthischke.SuchApp.$(TARGET_NAME:rfc1034identifier)";
				SKIP_INSTALL = YES;
			};
			name = Debug;
		};
		F9E94458193E1695008781F4 /* Release */ = {
			isa = XCBuildConfiguration;
			buildSettings = {
				INFOPLIST_FILE = SuchWidget/Info.plist;
				IPHONEOS_DEPLOYMENT_TARGET = 8.0;
				LD_RUNPATH_SEARCH_PATHS = "$(inherited) @executable_path/Frameworks @executable_path/../../Frameworks";
				METAL_ENABLE_DEBUG_INFO = NO;
				PRODUCT_NAME = "de.matthischke.SuchApp.$(TARGET_NAME:rfc1034identifier)";
				SKIP_INSTALL = YES;
			};
			name = Release;
		};
/* End XCBuildConfiguration section */

/* Begin XCConfigurationList section */
		F952E61E193DC4ED008781F4 /* Build configuration list for PBXProject "SuchApp" */ = {
			isa = XCConfigurationList;
			buildConfigurations = (
				F952E63F193DC4ED008781F4 /* Debug */,
				F952E640193DC4ED008781F4 /* Release */,
			);
			defaultConfigurationIsVisible = 0;
			defaultConfigurationName = Release;
		};
		F952E641193DC4ED008781F4 /* Build configuration list for PBXNativeTarget "SuchApp" */ = {
			isa = XCConfigurationList;
			buildConfigurations = (
				F952E642193DC4ED008781F4 /* Debug */,
				F952E643193DC4ED008781F4 /* Release */,
			);
			defaultConfigurationIsVisible = 0;
			defaultConfigurationName = Release;
		};
		F952E644193DC4ED008781F4 /* Build configuration list for PBXNativeTarget "SuchAppTests" */ = {
			isa = XCConfigurationList;
			buildConfigurations = (
				F952E645193DC4ED008781F4 /* Debug */,
				F952E646193DC4ED008781F4 /* Release */,
			);
			defaultConfigurationIsVisible = 0;
			defaultConfigurationName = Release;
		};
		F9E94456193E1695008781F4 /* Build configuration list for PBXNativeTarget "SuchWidget" */ = {
			isa = XCConfigurationList;
			buildConfigurations = (
				F9E94457193E1695008781F4 /* Debug */,
				F9E94458193E1695008781F4 /* Release */,
			);
			defaultConfigurationIsVisible = 0;
			defaultConfigurationName = Release;
		};
/* End XCConfigurationList section */
	};
	rootObject = F952E61B193DC4ED008781F4 /* Project object */;
}
